
Microsoft Visual Studio Solution File, Format Version 12.00
# Visual Studio Version 17
VisualStudioVersion = 17.1.32210.238
MinimumVisualStudioVersion = 10.0.40219.1
Project("{FAE04EC0-301F-11D3-BF4B-00C04F79EFBC}") = "Webcam Capture 1", "Webcam Capture 1.csproj", "{7BCDE2EF-6713-4AEF-AE65-E809F3B88809}"
EndProject
Global
	GlobalSection(SolutionConfigurationPlatforms) = preSolution
		Debug|Any CPU = Debug|Any CPU
		Release|Any CPU = Release|Any CPU
	EndGlobalSection
	GlobalSection(ProjectConfigurationPlatforms) = postSolution
		{7BCDE2EF-6713-4AEF-AE65-E809F3B88809}.Debug|Any CPU.ActiveCfg = Debug|Any CPU
		{7BCDE2EF-6713-4AEF-AE65-E809F3B88809}.Debug|Any CPU.Build.0 = Debug|Any CPU
		{7BCDE2EF-6713-4AEF-AE65-E809F3B88809}.Release|Any CPU.ActiveCfg = Release|Any CPU
		{7BCDE2EF-6713-4AEF-AE65-E809F3B88809}.Release|Any CPU.Build.0 = Release|Any CPU
	EndGlobalSection
	GlobalSection(SolutionProperties) = preSolution
		HideSolutionNode = FALSE
	EndGlobalSection
	GlobalSection(ExtensibilityGlobals) = postSolution
		SolutionGuid = {21228B3C-740B-4B69-8804-C51D7F8FF120}
	EndGlobalSection
EndGlobal
